<?xml version="1.0" encoding="utf-8"?>
<Project ToolsVersion="4.0" xmlns="http://schemas.microsoft.com/developer/msbuild/2003">
  <ItemGroup>
    <ClCompile Include="LUAMission.cpp" />
    <ClCompile Include="..\Shared\AIWeaponHelper.cpp">
      <Filter>Shared</Filter>
    </ClCompile>
    <ClCompile Include="..\Shared\AmmoDrainHelper.cpp">
      <Filter>Shared</Filter>
    </ClCompile>
    <ClCompile Include="..\Shared\AnchorClassHelper.cpp">
      <Filter>Shared</Filter>
    </ClCompile>
    <ClCompile Include="..\Shared\APCHelper.cpp">
      <Filter>Shared</Filter>
    </ClCompile>
    <ClCompile Include="..\Shared\AttacherHelper.cpp">
      <Filter>Shared</Filter>
    </ClCompile>
    <ClCompile Include="..\Shared\AttacherWeaponHelper.cpp">
      <Filter>Shared</Filter>
    </ClCompile>
    <ClCompile Include="..\Shared\BuildingHelper.cpp">
      <Filter>Shared</Filter>
    </ClCompile>
    <ClCompile Include="..\Shared\BZ1Helper.cpp">
      <Filter>Shared</Filter>
    </ClCompile>
    <ClCompile Include="..\Shared\BZCScriptUtils.cpp">
      <Filter>Shared</Filter>
    </ClCompile>
    <ClCompile Include="..\Shared\CarrierHelper.cpp">
      <Filter>Shared</Filter>
    </ClCompile>
    <ClCompile Include="..\Shared\DeployHelper.cpp">
      <Filter>Shared</Filter>
    </ClCompile>
    <ClCompile Include="..\Shared\DispatchHelper.cpp">
      <Filter>Shared</Filter>
    </ClCompile>
    <ClCompile Include="..\Shared\DllBase.cpp">
      <Filter>Shared</Filter>
    </ClCompile>
    <ClCompile Include="..\Shared\DropShipHelper.cpp">
      <Filter>Shared</Filter>
    </ClCompile>
    <ClCompile Include="..\Shared\EnergyArmorHelper.cpp">
      <Filter>Shared</Filter>
    </ClCompile>
    <ClCompile Include="..\Shared\FuryHelper.cpp">
      <Filter>Shared</Filter>
    </ClCompile>
    <ClCompile Include="..\Shared\GeyserHelper.cpp">
      <Filter>Shared</Filter>
    </ClCompile>
    <ClCompile Include="..\Shared\HQCPHelper.cpp">
      <Filter>Shared</Filter>
    </ClCompile>
    <ClCompile Include="..\Shared\JammerHelper.cpp">
      <Filter>Shared</Filter>
    </ClCompile>
    <ClCompile Include="..\Shared\LavaDamageHelper.cpp">
      <Filter>Shared</Filter>
    </ClCompile>
    <ClCompile Include="..\Shared\LimiterHelper.cpp">
      <Filter>Shared</Filter>
    </ClCompile>
    <ClCompile Include="..\Shared\LPadHelper.cpp">
      <Filter>Shared</Filter>
    </ClCompile>
    <ClCompile Include="..\Shared\MathUtils.cpp">
      <Filter>Shared</Filter>
    </ClCompile>
    <ClCompile Include="..\Shared\MorphObjectHelper.cpp">
      <Filter>Shared</Filter>
    </ClCompile>
    <ClCompile Include="..\Shared\PilotResourceHelper.cpp">
      <Filter>Shared</Filter>
    </ClCompile>
    <ClCompile Include="..\Shared\PortalHelper.cpp">
      <Filter>Shared</Filter>
    </ClCompile>
    <ClCompile Include="..\Shared\PowerHelper.cpp">
      <Filter>Shared</Filter>
    </ClCompile>
    <ClCompile Include="..\Shared\ProductionClassHelper.cpp">
      <Filter>Shared</Filter>
    </ClCompile>
    <ClCompile Include="..\Shared\PUPMgr.cpp">
      <Filter>Shared</Filter>
    </ClCompile>
    <ClCompile Include="..\Shared\QuakeHelper.cpp">
      <Filter>Shared</Filter>
    </ClCompile>
    <ClCompile Include="..\Shared\RecycleHelper.cpp">
      <Filter>Shared</Filter>
    </ClCompile>
    <ClCompile Include="..\Shared\ReplaceOnDeathHelper.cpp">
      <Filter>Shared</Filter>
    </ClCompile>
    <ClCompile Include="..\Shared\SatelliteHelper.cpp">
      <Filter>Shared</Filter>
    </ClCompile>
    <ClCompile Include="..\Shared\ScrapHelper.cpp">
      <Filter>Shared</Filter>
    </ClCompile>
    <ClCompile Include="..\Shared\ShieldHelper.cpp">
      <Filter>Shared</Filter>
    </ClCompile>
    <ClCompile Include="..\Shared\SwitchClassHelper.cpp">
      <Filter>Shared</Filter>
    </ClCompile>
    <ClCompile Include="..\Shared\TransportHelper.cpp">
      <Filter>Shared</Filter>
    </ClCompile>
    <ClCompile Include="..\Shared\UndeployHelper.cpp">
      <Filter>Shared</Filter>
    </ClCompile>
    <ClCompile Include="..\Shared\UtilityShipHelper.cpp">
      <Filter>Shared</Filter>
    </ClCompile>
    <ClCompile Include="..\Shared\ScriptUtilsExtension.cpp" />
  </ItemGroup>
  <ItemGroup>
    <ClInclude Include="LuaMission.h" />
    <ClInclude Include="..\Shared\AIWeaponHelper.h">
      <Filter>Shared</Filter>
    </ClInclude>
    <ClInclude Include="..\Shared\AmmoDrainHelper.h">
      <Filter>Shared</Filter>
    </ClInclude>
    <ClInclude Include="..\Shared\AnchorClassHelper.h">
      <Filter>Shared</Filter>
    </ClInclude>
    <ClInclude Include="..\Shared\APCHelper.h">
      <Filter>Shared</Filter>
    </ClInclude>
    <ClInclude Include="..\Shared\AttacherHelper.h">
      <Filter>Shared</Filter>
    </ClInclude>
    <ClInclude Include="..\Shared\AttacherWeaponHelper.h">
      <Filter>Shared</Filter>
    </ClInclude>
    <ClInclude Include="..\Shared\BuildingHelper.h">
      <Filter>Shared</Filter>
    </ClInclude>
    <ClInclude Include="..\Shared\BZ1Helper.h">
      <Filter>Shared</Filter>
    </ClInclude>
    <ClInclude Include="..\Shared\BZCScriptUtils.h">
      <Filter>Shared</Filter>
    </ClInclude>
    <ClInclude Include="..\Shared\CarrierHelper.h">
      <Filter>Shared</Filter>
    </ClInclude>
    <ClInclude Include="..\Shared\DeployHelper.h">
      <Filter>Shared</Filter>
    </ClInclude>
    <ClInclude Include="..\Shared\DispatchHelper.h">
      <Filter>Shared</Filter>
    </ClInclude>
    <ClInclude Include="..\Shared\DllBase.h">
      <Filter>Shared</Filter>
    </ClInclude>
    <ClInclude Include="..\Shared\DropShipHelper.h">
      <Filter>Shared</Filter>
    </ClInclude>
    <ClInclude Include="..\Shared\EnergyArmorHelper.h">
      <Filter>Shared</Filter>
    </ClInclude>
    <ClInclude Include="..\Shared\FuryHelper.h">
      <Filter>Shared</Filter>
    </ClInclude>
    <ClInclude Include="..\Shared\GeyserHelper.h">
      <Filter>Shared</Filter>
    </ClInclude>
    <ClInclude Include="..\Shared\HQCPHelper.h">
      <Filter>Shared</Filter>
    </ClInclude>
    <ClInclude Include="..\Shared\JammerHelper.h">
      <Filter>Shared</Filter>
    </ClInclude>
    <ClInclude Include="..\Shared\LavaDamageHelper.h">
      <Filter>Shared</Filter>
    </ClInclude>
    <ClInclude Include="..\Shared\LimiterHelper.h">
      <Filter>Shared</Filter>
    </ClInclude>
    <ClInclude Include="..\Shared\LPadHelper.h">
      <Filter>Shared</Filter>
    </ClInclude>
    <ClInclude Include="..\Shared\MathUtils.h">
      <Filter>Shared</Filter>
    </ClInclude>
    <ClInclude Include="..\Shared\MorphObjectHelper.h">
      <Filter>Shared</Filter>
    </ClInclude>
    <ClInclude Include="..\Shared\PilotResourceHelper.h">
      <Filter>Shared</Filter>
    </ClInclude>
    <ClInclude Include="..\Shared\PortalHelper.h">
      <Filter>Shared</Filter>
    </ClInclude>
    <ClInclude Include="..\Shared\PowerHelper.h">
      <Filter>Shared</Filter>
    </ClInclude>
    <ClInclude Include="..\Shared\ProductionClassHelper.h">
      <Filter>Shared</Filter>
    </ClInclude>
    <ClInclude Include="..\Shared\PUPMgr.h">
      <Filter>Shared</Filter>
    </ClInclude>
    <ClInclude Include="..\Shared\QuakeHelper.h">
      <Filter>Shared</Filter>
    </ClInclude>
    <ClInclude Include="..\Shared\RecycleHelper.h">
      <Filter>Shared</Filter>
    </ClInclude>
    <ClInclude Include="..\Shared\ReplaceOnDeathHelper.h">
      <Filter>Shared</Filter>
    </ClInclude>
    <ClInclude Include="..\Shared\SatelliteHelper.h">
      <Filter>Shared</Filter>
    </ClInclude>
    <ClInclude Include="..\Shared\ScrapHelper.h">
      <Filter>Shared</Filter>
    </ClInclude>
    <ClInclude Include="..\Shared\ShieldHelper.h">
      <Filter>Shared</Filter>
    </ClInclude>
    <ClInclude Include="..\Shared\SwitchClassHelper.h">
      <Filter>Shared</Filter>
    </ClInclude>
    <ClInclude Include="..\Shared\TransportHelper.h">
      <Filter>Shared</Filter>
    </ClInclude>
    <ClInclude Include="..\Shared\UndeployHelper.h">
      <Filter>Shared</Filter>
    </ClInclude>
    <ClInclude Include="..\Shared\UtilityShipHelper.h">
      <Filter>Shared</Filter>
    </ClInclude>
    <ClInclude Include="LuaExtensions.h" />
    <ClInclude Include="LuaTypeBindings.h" />
    <ClInclude Include="..\..\Source\fun3d\ScriptUtils.h" />
    <ClInclude Include="LuaScriptUtils_GameObject.h" />
    <ClInclude Include="..\Shared\ScriptUtilsExtension.h" />
  </ItemGroup>
  <ItemGroup>
    <Filter Include="Shared">
      <UniqueIdentifier>{233883f2-ca84-4031-a733-14f8dab65a9e}</UniqueIdentifier>
    </Filter>
  </ItemGroup>
</Project>